// !$*UTF8*$!
{
	archiveVersion = 1;
	classes = {
	};
	objectVersion = 50;
	objects = {

/* Begin PBXBuildFile section */
		4358F1602614B81200E2158E /* AppDelegate.swift in Sources */ = {isa = PBXBuildFile; fileRef = 4358F15F2614B81200E2158E /* AppDelegate.swift */; };
		4358F1622614B81200E2158E /* SceneDelegate.swift in Sources */ = {isa = PBXBuildFile; fileRef = 4358F1612614B81200E2158E /* SceneDelegate.swift */; };
		4358F1642614B81200E2158E /* ContentView.swift in Sources */ = {isa = PBXBuildFile; fileRef = 4358F1632614B81200E2158E /* ContentView.swift */; };
		4358F1662614B81900E2158E /* Assets.xcassets in Resources */ = {isa = PBXBuildFile; fileRef = 4358F1652614B81900E2158E /* Assets.xcassets */; };
		4358F1692614B81900E2158E /* Preview Assets.xcassets in Resources */ = {isa = PBXBuildFile; fileRef = 4358F1682614B81900E2158E /* Preview Assets.xcassets */; };
		4358F16C2614B81900E2158E /* LaunchScreen.storyboard in Resources */ = {isa = PBXBuildFile; fileRef = 4358F16A2614B81900E2158E /* LaunchScreen.storyboard */; };
/* End PBXBuildFile section */

/* Begin PBXFileReference section */
		4358F15C2614B81200E2158E /* NeumorphismBarChart.app */ = {isa = PBXFileReference; explicitFileType = wrapper.application; includeInIndex = 0; path = NeumorphismBarChart.app; sourceTree = BUILT_PRODUCTS_DIR; };
		4358F15F2614B81200E2158E /* AppDelegate.swift */ = {isa = PBXFileReference; lastKnownFileType = sourcecode.swift; path = AppDelegate.swift; sourceTree = "<group>"; };
		4358F1612614B81200E2158E /* SceneDelegate.swift */ = {isa = PBXFileReference; lastKnownFileType = sourcecode.swift; path = SceneDelegate.swift; sourceTree = "<group>"; };
		4358F1632614B81200E2158E /* ContentView.swift */ = {isa = PBXFileReference; lastKnownFileType = sourcecode.swift; path = ContentView.swift; sourceTree = "<group>"; };
		4358F1652614B81900E2158E /* Assets.xcassets */ = {isa = PBXFileReference; lastKnownFileType = folder.assetcatalog; path = Assets.xcassets; sourceTree = "<group>"; };
		4358F1682614B81900E2158E /* Preview Assets.xcassets */ = {isa = PBXFileReference; lastKnownFileType = folder.assetcatalog; path = "Preview Assets.xcassets"; sourceTree = "<group>"; };
		4358F16B2614B81900E2158E /* Base */ = {isa = PBXFileReference; lastKnownFileType = file.storyboard; name = Base; path = Base.lproj/LaunchScreen.storyboard; sourceTree = "<group>"; };
		4358F16D2614B81900E2158E /* Info.plist */ = {isa = PBXFileReference; lastKnownFileType = text.plist.xml; path = Info.plist; sourceTree = "<group>"; };
/* End PBXFileReference section */

/* Begin PBXFrameworksBuildPhase section */
		4358F1592614B81200E2158E /* Frameworks */ = {
			isa = PBXFrameworksBuildPhase;
			buildActionMask = 2147483647;
			files = (
			);
			runOnlyForDeploymentPostprocessing = 0;
		};
/* End PBXFrameworksBuildPhase section */

/* Begin PBXGroup section */
		4358F1532614B81200E2158E = {
			isa = PBXGroup;
			children = (
				4358F15E2614B81200E2158E /* NeumorphismBarChart */,
				4358F15D2614B81200E2158E /* Products */,
			);
			sourceTree = "<group>";
		};
		4358F15D2614B81200E2158E /* Products */ = {
			isa = PBXGroup;
			children = (
				4358F15C2614B81200E2158E /* NeumorphismBarChart.app */,
			);
			name = Products;
			sourceTree = "<group>";
		};
		4358F15E2614B81200E2158E /* NeumorphismBarChart */ = {
			isa = PBXGroup;
			children = (
				4358F15F2614B81200E2158E /* AppDelegate.swift */,
				4358F1612614B81200E2158E /* SceneDelegate.swift */,
				4358F1632614B81200E2158E /* ContentView.swift */,
				4358F1652614B81900E2158E /* Assets.xcassets */,
				4358F16A2614B81900E2158E /* LaunchScreen.storyboard */,
				4358F16D2614B81900E2158E /* Info.plist */,
				4358F1672614B81900E2158E /* Preview Content */,
			);
			path = NeumorphismBarChart;
			sourceTree = "<group>";
		};
		4358F1672614B81900E2158E /* Preview Content */ = {
			isa = PBXGroup;
			children = (
				4358F1682614B81900E2158E /* Preview Assets.xcassets */,
			);
			path = "Preview Content";
			sourceTree = "<group>";
		};
/* End PBXGroup section */

/* Begin PBXNativeTarget section */
		4358F15B2614B81200E2158E /* NeumorphismBarChart */ = {
			isa = PBXNativeTarget;
			buildConfigurationList = 4358F1702614B81900E2158E /* Build configuration list for PBXNativeTarget "NeumorphismBarChart" */;
			buildPhases = (
				4358F1582614B81200E2158E /* Sources */,
				4358F1592614B81200E2158E /* Frameworks */,
				4358F15A2614B81200E2158E /* Resources */,
			);
			buildRules = (
			);
			dependencies = (
			);
			name = NeumorphismBarChart;
			productName = NeumorphismBarChart;
			productReference = 4358F15C2614B81200E2158E /* NeumorphismBarChart.app */;
			productType = "com.apple.product-type.application";
		};
/* End PBXNativeTarget section */

/* Begin PBXProject section */
		4358F1542614B81200E2158E /* Project object */ = {
			isa = PBXProject;
			attributes = {
				LastSwiftUpdateCheck = 1170;
				LastUpgradeCheck = 1170;
				ORGANIZATIONNAME = maeken;
				TargetAttributes = {
					4358F15B2614B81200E2158E = {
						CreatedOnToolsVersion = 11.7;
					};
				};
			};
			buildConfigurationList = 4358F1572614B81200E2158E /* Build configuration list for PBXProject "NeumorphismBarChart" */;
			compatibilityVersion = "Xcode 9.3";
			developmentRegion = en;
			hasScannedForEncodings = 0;
			knownRegions = (
				en,
				Base,
			);
			mainGroup = 4358F1532614B81200E2158E;
			productRefGroup = 4358F15D2614B81200E2158E /* Products */;
			projectDirPath = "";
			projectRoot = "";
			targets = (
				4358F15B2614B81200E2158E /* NeumorphismBarChart */,
			);
		};
/* End PBXProject section */

/* Begin PBXResourcesBuildPhase section */
		4358F15A2614B81200E2158E /* Resources */ = {
			isa = PBXResourcesBuildPhase;
			buildActionMask = 2147483647;
			files = (
				4358F16C2614B81900E2158E /* LaunchScreen.storyboard in Resources */,
				4358F1692614B81900E2158E /* Preview Assets.xcassets in Resources */,
				4358F1662614B81900E2158E /* Assets.xcassets in Resources */,
			);
			runOnlyForDeploymentPostprocessing = 0;
		};
/* End PBXResourcesBuildPhase section */

/* Begin PBXSourcesBuildPhase section */
		4358F1582614B81200E2158E /* Sources */ = {
			isa = PBXSourcesBuildPhase;
			buildActionMask = 2147483647;
			files = (
				4358F1602614B81200E2158E /* AppDelegate.swift in Sources */,
				4358F1622614B81200E2158E /* SceneDelegate.swift in Sources */,
				4358F1642614B81200E2158E /* ContentView.swift in Sources */,
			);
			runOnlyForDeploymentPostprocessing = 0;
		};
/* End PBXSourcesBuildPhase section */

/* Begin PBXVariantGroup section */
		4358F16A2614B81900E2158E /* LaunchScreen.storyboard */ = {
			isa = PBXVariantGroup;
			children = (
				4358F16B2614B81900E2158E /* Base */,
			);
			name = LaunchScreen.storyboard;
			sourceTree = "<group>";
		};
/* End PBXVariantGroup section */

/* Begin XCBuildConfiguration section */
		4358F16E2614B81900E2158E /* Debug */ = {
			isa = XCBuildConfiguration;
			buildSettings = {
				ALWAYS_SEARCH_USER_PATHS = NO;
				CLANG_ANALYZER_NONNULL = YES;
				CLANG_ANALYZER_NUMBER_OBJECT_CONVERSION = YES_AGGRESSIVE;
				CLANG_CXX_LANGUAGE_STANDARD = "gnu++14";
				CLANG_CXX_LIBRARY = "libc++";
				CLANG_ENABLE_MODULES = YES;
				CLANG_ENABLE_OBJC_ARC = YES;
				CLANG_ENABLE_OBJC_WEAK = YES;
				CLANG_WARN_BLOCK_CAPTURE_AUTORELEASING = YES;
				CLANG_WARN_BOOL_CONVERSION = YES;
				CLANG_WARN_COMMA = YES;
				CLANG_WARN_CONSTANT_CONVERSION = YES;
				CLANG_WARN_DEPRECATED_OBJC_IMPLEMENTATIONS = YES;
				CLANG_WARN_DIRECT_OBJC_ISA_USAGE = YES_ERROR;
				CLANG_WARN_DOCUMENTATION_COMMENTS = YES;
				CLANG_WARN_EMPTY_BODY = YES;
				CLANG_WARN_ENUM_CONVERSION = YES;
				CLANG_WARN_INFINITE_RECURSION = YES;
				CLANG_WARN_INT_CONVERSION = YES;
				CLANG_WARN_NON_LITERAL_NULL_CONVERSION = YES;
				CLANG_WARN_OBJC_IMPLICIT_RETAIN_SELF = YES;
				CLANG_WARN_OBJC_LITERAL_CONVERSION = YES;
				CLANG_WARN_OBJC_ROOT_CLASS = YES_ERROR;
				CLANG_WARN_RANGE_LOOP_ANALYSIS = YES;
				CLANG_WARN_STRICT_PROTOTYPES = YES;
				CLANG_WARN_SUSPICIOUS_MOVE = YES;
				CLANG_WARN_UNGUARDED_AVAILABILITY = YES_AGGRESSIVE;
				CLANG_WARN_UNREACHABLE_CODE = YES;
				CLANG_WARN__DUPLICATE_METHOD_MATCH = YES;
				COPY_PHASE_STRIP = NO;
				DEBUG_INFORMATION_FORMAT = dwarf;
				ENABLE_STRICT_OBJC_MSGSEND = YES;
				ENABLE_TESTABILITY = YES;
				GCC_C_LANGUAGE_STANDARD = gnu11;
				GCC_DYNAMIC_NO_PIC = NO;
				GCC_NO_COMMON_BLOCKS = YES;
				GCC_OPTIMIZATION_LEVEL = 0;
				GCC_PREPROCESSOR_DEFINITIONS = (
					"DEBUG=1",
					"$(inherited)",
				);
				GCC_WARN_64_TO_32_BIT_CONVERSION = YES;
				GCC_WARN_ABOUT_RETURN_TYPE = YES_ERROR;
				GCC_WARN_UNDECLARED_SELECTOR = YES;
				GCC_WARN_UNINITIALIZED_AUTOS = YES_AGGRESSIVE;
				GCC_WARN_UNUSED_FUNCTION = YES;
				GCC_WARN_UNUSED_VARIABLE = YES;
				IPHONEOS_DEPLOYMENT_TARGET = 13.7;
				MTL_ENABLE_DEBUG_INFO = INCLUDE_SOURCE;
				MTL_FAST_MATH = YES;
				ONLY_ACTIVE_ARCH = YES;
				SDKROOT = iphoneos;
				SWIFT_ACTIVE_COMPILATION_CONDITIONS = DEBUG;
				SWIFT_OPTIMIZATION_LEVEL = "-Onone";
			};
			name = Debug;
		};
		4358F16F2614B81900E2158E /* Release */ = {
			isa = XCBuildConfiguration;
			buildSettings = {
				ALWAYS_SEARCH_USER_PATHS = NO;
				CLANG_ANALYZER_NONNULL = YES;
				CLANG_ANALYZER_NUMBER_OBJECT_CONVERSION = YES_AGGRESSIVE;
				CLANG_CXX_LANGUAGE_STANDARD = "gnu++14";
				CLANG_CXX_LIBRARY = "libc++";
				CLANG_ENABLE_MODULES = YES;
				CLANG_ENABLE_OBJC_ARC = YES;
				CLANG_ENABLE_OBJC_WEAK = YES;
				CLANG_WARN_BLOCK_CAPTURE_AUTORELEASING = YES;
				CLANG_WARN_BOOL_CONVERSION = YES;
				CLANG_WARN_COMMA = YES;
				CLANG_WARN_CONSTANT_CONVERSION = YES;
				CLANG_WARN_DEPRECATED_OBJC_IMPLEMENTATIONS = YES;
				CLANG_WARN_DIRECT_OBJC_ISA_USAGE = YES_ERROR;
				CLANG_WARN_DOCUMENTATION_COMMENTS = YES;
				CLANG_WARN_EMPTY_BODY = YES;
				CLANG_WARN_ENUM_CONVERSION = YES;
				CLANG_WARN_INFINITE_RECURSION = YES;
				CLANG_WARN_INT_CONVERSION = YES;
				CLANG_WARN_NON_LITERAL_NULL_CONVERSION = YES;
				CLANG_WARN_OBJC_IMPLICIT_RETAIN_SELF = YES;
				CLANG_WARN_OBJC_LITERAL_CONVERSION = YES;
				CLANG_WARN_OBJC_ROOT_CLASS = YES_ERROR;
				CLANG_WARN_RANGE_LOOP_ANALYSIS = YES;
				CLANG_WARN_STRICT_PROTOTYPES = YES;
				CLANG_WARN_SUSPICIOUS_MOVE = YES;
				CLANG_WARN_UNGUARDED_AVAILABILITY = YES_AGGRESSIVE;
				CLANG_WARN_UNREACHABLE_CODE = YES;
				CLANG_WARN__DUPLICATE_METHOD_MATCH = YES;
				COPY_PHASE_STRIP = NO;
				DEBUG_INFORMATION_FORMAT = "dwarf-with-dsym";
				ENABLE_NS_ASSERTIONS = NO;
				ENABLE_STRICT_OBJC_MSGSEND = YES;
				GCC_C_LANGUAGE_STANDARD = gnu11;
				GCC_NO_COMMON_BLOCKS = YES;
				GCC_WARN_64_TO_32_BIT_CONVERSION = YES;
				GCC_WARN_ABOUT_RETURN_TYPE = YES_ERROR;
				GCC_WARN_UNDECLARED_SELECTOR = YES;
				GCC_WARN_UNINITIALIZED_AUTOS = YES_AGGRESSIVE;
				GCC_WARN_UNUSED_FUNCTION = YES;
				GCC_WARN_UNUSED_VARIABLE = YES;
				IPHONEOS_DEPLOYMENT_TARGET = 13.7;
				MTL_ENABLE_DEBUG_INFO = NO;
				MTL_FAST_MATH = YES;
				SDKROOT = iphoneos;
				SWIFT_COMPILATION_MODE = wholemodule;
				SWIFT_OPTIMIZATION_LEVEL = "-O";
				VALIDATE_PRODUCT = YES;
			};
			name = Release;
		};
		4358F1712614B81900E2158E /* Debug */ = {
			isa = XCBuildConfiguration;
			buildSettings = {
				ASSETCATALOG_COMPILER_APPICON_NAME = AppIcon;
				CODE_SIGN_STYLE = Automatic;
				DEVELOPMENT_ASSET_PATHS = "\"NeumorphismBarChart/Preview Content\"";
				DEVELOPMENT_TEAM = 27AABG3WWT;
				ENABLE_PREVIEWS = YES;
				INFOPLIST_FILE = NeumorphismBarChart/Info.plist;
				LD_RUNPATH_SEARCH_PATHS = (
					"$(inherited)",
					"@executable_path/Frameworks",
				);
				PRODUCT_BUNDLE_IDENTIFIER = com.maeken.NeumorphismBarChart;
				PRODUCT_NAME = "$(TARGET_NAME)";
				SWIFT_VERSION = 5.0;
				TARGETED_DEVICE_FAMILY = "1,2";
			};
			name = Debug;
		};
		4358F1722614B81900E2158E /* Release */ = {
			isa = XCBuildConfiguration;
			buildSettings = {
				ASSETCATALOG_COMPILER_APPICON_NAME = AppIcon;
				CODE_SIGN_STYLE = Automatic;
				DEVELOPMENT_ASSET_PATHS = "\"NeumorphismBarChart/Preview Content\"";
				DEVELOPMENT_TEAM = 27AABG3WWT;
				ENABLE_PREVIEWS = YES;
				INFOPLIST_FILE = NeumorphismBarChart/Info.plist;
				LD_RUNPATH_SEARCH_PATHS = (
					"$(inherited)",
					"@executable_path/Frameworks",
				);
				PRODUCT_BUNDLE_IDENTIFIER = com.maeken.NeumorphismBarChart;
				PRODUCT_NAME = "$(TARGET_NAME)";
				SWIFT_VERSION = 5.0;
				TARGETED_DEVICE_FAMILY = "1,2";
			};
			name = Release;
		};
/* End XCBuildConfiguration section */

/* Begin XCConfigurationList section */
		4358F1572614B81200E2158E /* Build configuration list for PBXProject "NeumorphismBarChart" */ = {
			isa = XCConfigurationList;
			buildConfigurations = (
				4358F16E2614B81900E2158E /* Debug */,
				4358F16F2614B81900E2158E /* Release */,
			);
			defaultConfigurationIsVisible = 0;
			defaultConfigurationName = Release;
		};
		4358F1702614B81900E2158E /* Build configuration list for PBXNativeTarget "NeumorphismBarChart" */ = {
			isa = XCConfigurationList;
			buildConfigurations = (
				4358F1712614B81900E2158E /* Debug */,
				4358F1722614B81900E2158E /* Release */,
			);
			defaultConfigurationIsVisible = 0;
			defaultConfigurationName = Release;
		};
/* End XCConfigurationList section */
	};
	rootObject = 4358F1542614B81200E2158E /* Project object */;
}
